{
    "_meta": {
        "hash": {
            "sha256": "c6e17d14beded44e3ab99f5063835517f601223536e179ee9c934304d62739e0"
        },
        "pipfile-spec": 6,
        "requires": {
            "python_version": "3.9"
        },
        "sources": [
            {
                "name": "pypi",
                "url": "https://pypi.org/simple",
                "verify_ssl": true
            }
        ]
    },
    "default": {
        "black": "*",
        "ipykernel": "*",
        "lock": "*"
    },
    "develop": {}
}
